// !$*UTF8*$!
{
	archiveVersion = 1;
	classes = {
	};
	objectVersion = 55;
	objects = {

/* Begin PBXBuildFile section */
		3B57393E28D882C100529A3E /* Setting.swift in Sources */ = {isa = PBXBuildFile; fileRef = 3B57393D28D882C100529A3E /* Setting.swift */; };
		3B57394228D8AE0E00529A3E /* VersionView.swift in Sources */ = {isa = PBXBuildFile; fileRef = 3B57394128D8AE0E00529A3E /* VersionView.swift */; };
		3B57394428D9958600529A3E /* Notice.swift in Sources */ = {isa = PBXBuildFile; fileRef = 3B57394328D9958600529A3E /* Notice.swift */; };
		3B57394628D9969000529A3E /* EmptyProfileView.swift in Sources */ = {isa = PBXBuildFile; fileRef = 3B57394528D9969000529A3E /* EmptyProfileView.swift */; };
		3B8BE7BB28D755B1005C93AA /* ProfileView.swift in Sources */ = {isa = PBXBuildFile; fileRef = 3B8BE7BA28D755B1005C93AA /* ProfileView.swift */; };
		53AE2ACF28B8B86B00BC66B2 /* HomeView.swift in Sources */ = {isa = PBXBuildFile; fileRef = 53AE2ACE28B8B86B00BC66B2 /* HomeView.swift */; };
		53AE2AD128B8B87A00BC66B2 /* SettingsView.swift in Sources */ = {isa = PBXBuildFile; fileRef = 53AE2AD028B8B87A00BC66B2 /* SettingsView.swift */; };
		53AE2AD328B8DF7800BC66B2 /* PopUpButton.swift in Sources */ = {isa = PBXBuildFile; fileRef = 53AE2AD228B8DF7800BC66B2 /* PopUpButton.swift */; };
		3B7DA64E28B8AC2A0078004B /* OnboardingItem.swift in Sources */ = {isa = PBXBuildFile; fileRef = 3B7DA64D28B8AC290078004B /* OnboardingItem.swift */; };
		3B91D15628B779A10023A587 /* OnboardingView.swift in Sources */ = {isa = PBXBuildFile; fileRef = 3B91D15528B779A10023A587 /* OnboardingView.swift */; };
		53C338E528B4DB00002D8C77 /* TurtleNeckApp.swift in Sources */ = {isa = PBXBuildFile; fileRef = 53C338E428B4DB00002D8C77 /* TurtleNeckApp.swift */; };
		53C338E728B4DB00002D8C77 /* ContentView.swift in Sources */ = {isa = PBXBuildFile; fileRef = 53C338E628B4DB00002D8C77 /* ContentView.swift */; };
		53C338E928B4DB02002D8C77 /* Assets.xcassets in Resources */ = {isa = PBXBuildFile; fileRef = 53C338E828B4DB02002D8C77 /* Assets.xcassets */; };
		53C338EC28B4DB02002D8C77 /* Preview Assets.xcassets in Resources */ = {isa = PBXBuildFile; fileRef = 53C338EB28B4DB02002D8C77 /* Preview Assets.xcassets */; };
		53C338F528B4E1F2002D8C77 /* KakaoSDKAuth in Frameworks */ = {isa = PBXBuildFile; productRef = 53C338F428B4E1F2002D8C77 /* KakaoSDKAuth */; };
		53C338F728B4E1F2002D8C77 /* KakaoSDKUser in Frameworks */ = {isa = PBXBuildFile; productRef = 53C338F628B4E1F2002D8C77 /* KakaoSDKUser */; };
		53D65A0D28C880A800F3128A /* SettingsRow.swift in Sources */ = {isa = PBXBuildFile; fileRef = 53D65A0C28C880A800F3128A /* SettingsRow.swift */; };
		53D65A1528C8907600F3128A /* NoticeView.swift in Sources */ = {isa = PBXBuildFile; fileRef = 53D65A1428C8907600F3128A /* NoticeView.swift */; };
/* End PBXBuildFile section */

/* Begin PBXFileReference section */
		3B57393D28D882C100529A3E /* Setting.swift */ = {isa = PBXFileReference; lastKnownFileType = sourcecode.swift; path = Setting.swift; sourceTree = "<group>"; };
		3B57394128D8AE0E00529A3E /* VersionView.swift */ = {isa = PBXFileReference; lastKnownFileType = sourcecode.swift; path = VersionView.swift; sourceTree = "<group>"; };
		3B57394328D9958600529A3E /* Notice.swift */ = {isa = PBXFileReference; lastKnownFileType = sourcecode.swift; path = Notice.swift; sourceTree = "<group>"; };
		3B57394528D9969000529A3E /* EmptyProfileView.swift */ = {isa = PBXFileReference; lastKnownFileType = sourcecode.swift; path = EmptyProfileView.swift; sourceTree = "<group>"; };
		3B8BE7BA28D755B1005C93AA /* ProfileView.swift */ = {isa = PBXFileReference; lastKnownFileType = sourcecode.swift; path = ProfileView.swift; sourceTree = "<group>"; };
		53AE2ACE28B8B86B00BC66B2 /* HomeView.swift */ = {isa = PBXFileReference; lastKnownFileType = sourcecode.swift; path = HomeView.swift; sourceTree = "<group>"; };
		53AE2AD028B8B87A00BC66B2 /* SettingsView.swift */ = {isa = PBXFileReference; lastKnownFileType = sourcecode.swift; path = SettingsView.swift; sourceTree = "<group>"; };
		53AE2AD228B8DF7800BC66B2 /* PopUpButton.swift */ = {isa = PBXFileReference; lastKnownFileType = sourcecode.swift; path = PopUpButton.swift; sourceTree = "<group>"; };
		3B7DA64D28B8AC290078004B /* OnboardingItem.swift */ = {isa = PBXFileReference; lastKnownFileType = sourcecode.swift; path = OnboardingItem.swift; sourceTree = "<group>"; };
		3B91D15528B779A10023A587 /* OnboardingView.swift */ = {isa = PBXFileReference; lastKnownFileType = sourcecode.swift; path = OnboardingView.swift; sourceTree = "<group>"; };
		53C338E128B4DB00002D8C77 /* TurtleNeck.app */ = {isa = PBXFileReference; explicitFileType = wrapper.application; includeInIndex = 0; path = TurtleNeck.app; sourceTree = BUILT_PRODUCTS_DIR; };
		53C338E428B4DB00002D8C77 /* TurtleNeckApp.swift */ = {isa = PBXFileReference; lastKnownFileType = sourcecode.swift; path = TurtleNeckApp.swift; sourceTree = "<group>"; };
		53C338E628B4DB00002D8C77 /* ContentView.swift */ = {isa = PBXFileReference; lastKnownFileType = sourcecode.swift; path = ContentView.swift; sourceTree = "<group>"; };
		53C338E828B4DB02002D8C77 /* Assets.xcassets */ = {isa = PBXFileReference; lastKnownFileType = folder.assetcatalog; path = Assets.xcassets; sourceTree = "<group>"; };
		53C338EB28B4DB02002D8C77 /* Preview Assets.xcassets */ = {isa = PBXFileReference; lastKnownFileType = folder.assetcatalog; path = "Preview Assets.xcassets"; sourceTree = "<group>"; };
		53C338F228B4DCA5002D8C77 /* Info.plist */ = {isa = PBXFileReference; lastKnownFileType = text.plist; path = Info.plist; sourceTree = "<group>"; };
		53D65A0C28C880A800F3128A /* SettingsRow.swift */ = {isa = PBXFileReference; lastKnownFileType = sourcecode.swift; path = SettingsRow.swift; sourceTree = "<group>"; };
		53D65A1428C8907600F3128A /* NoticeView.swift */ = {isa = PBXFileReference; lastKnownFileType = sourcecode.swift; path = NoticeView.swift; sourceTree = "<group>"; };
/* End PBXFileReference section */

/* Begin PBXFrameworksBuildPhase section */
		53C338DE28B4DB00002D8C77 /* Frameworks */ = {
			isa = PBXFrameworksBuildPhase;
			buildActionMask = 2147483647;
			files = (
				53C338F728B4E1F2002D8C77 /* KakaoSDKUser in Frameworks */,
				53C338F528B4E1F2002D8C77 /* KakaoSDKAuth in Frameworks */,
			);
			runOnlyForDeploymentPostprocessing = 0;
		};
/* End PBXFrameworksBuildPhase section */

/* Begin PBXGroup section */
		3B57394028D8ADCF00529A3E /* Settings */ = {
			isa = PBXGroup;
			children = (
				3B57393D28D882C100529A3E /* Setting.swift */,
				53AE2AD028B8B87A00BC66B2 /* SettingsView.swift */,
				53D65A0C28C880A800F3128A /* SettingsRow.swift */,
				53D65A1428C8907600F3128A /* NoticeView.swift */,
				3B57394328D9958600529A3E /* Notice.swift */,
				3B8BE7BA28D755B1005C93AA /* ProfileView.swift */,
				3B57394528D9969000529A3E /* EmptyProfileView.swift */,
				3B57394128D8AE0E00529A3E /* VersionView.swift */,
			);
			path = Settings;
			sourceTree = "<group>";
		};
		53C338D828B4DB00002D8C77 = {
			isa = PBXGroup;
			children = (
				53C338E328B4DB00002D8C77 /* TurtleNeck */,
				53C338E228B4DB00002D8C77 /* Products */,
			);
			sourceTree = "<group>";
		};
		53C338E228B4DB00002D8C77 /* Products */ = {
			isa = PBXGroup;
			children = (
				53C338E128B4DB00002D8C77 /* TurtleNeck.app */,
			);
			name = Products;
			sourceTree = "<group>";
		};
		53C338E328B4DB00002D8C77 /* TurtleNeck */ = {
			isa = PBXGroup;
			children = (
				53C338F228B4DCA5002D8C77 /* Info.plist */,
				53C338E428B4DB00002D8C77 /* TurtleNeckApp.swift */,
				3B7DA64D28B8AC290078004B /* OnboardingItem.swift */,
				53C338E628B4DB00002D8C77 /* ContentView.swift */,
				53AE2ACE28B8B86B00BC66B2 /* HomeView.swift */,
				53AE2AD028B8B87A00BC66B2 /* AccountView.swift */,
				3B91D15528B779A10023A587 /* LoginView.swift */,
				3B91D15528B779A10023A587 /* OnboardingView.swift */,
				53AE2AD028B8B87A00BC66B2 /* SettingsView.swift */,
				3B8BE7BA28D755B1005C93AA /* ProfileView.swift */,
				53D65A1428C8907600F3128A /* SettingsDetail.swift */,
				3B57393D28D882C100529A3E /* Setting.swift */,
				53D65A0C28C880A800F3128A /* SettingsRow.swift */,
				53AE2AD228B8DF7800BC66B2 /* PopUpButton.swift */,
				3B57394028D8ADCF00529A3E /* Settings */,
				53C338E828B4DB02002D8C77 /* Assets.xcassets */,
				53C338EA28B4DB02002D8C77 /* Preview Content */,
			);
			path = TurtleNeck;
			sourceTree = "<group>";
		};
		53C338EA28B4DB02002D8C77 /* Preview Content */ = {
			isa = PBXGroup;
			children = (
				53C338EB28B4DB02002D8C77 /* Preview Assets.xcassets */,
			);
			path = "Preview Content";
			sourceTree = "<group>";
		};
/* End PBXGroup section */

/* Begin PBXNativeTarget section */
		53C338E028B4DB00002D8C77 /* TurtleNeck */ = {
			isa = PBXNativeTarget;
			buildConfigurationList = 53C338EF28B4DB02002D8C77 /* Build configuration list for PBXNativeTarget "TurtleNeck" */;
			buildPhases = (
				53C338DD28B4DB00002D8C77 /* Sources */,
				53C338DE28B4DB00002D8C77 /* Frameworks */,
				53C338DF28B4DB00002D8C77 /* Resources */,
			);
			buildRules = (
			);
			dependencies = (
			);
			name = TurtleNeck;
			packageProductDependencies = (
				53C338F428B4E1F2002D8C77 /* KakaoSDKAuth */,
				53C338F628B4E1F2002D8C77 /* KakaoSDKUser */,
			);
			productName = TurtleNeck;
			productReference = 53C338E128B4DB00002D8C77 /* TurtleNeck.app */;
			productType = "com.apple.product-type.application";
		};
/* End PBXNativeTarget section */

/* Begin PBXProject section */
		53C338D928B4DB00002D8C77 /* Project object */ = {
			isa = PBXProject;
			attributes = {
				BuildIndependentTargetsInParallel = 1;
				LastSwiftUpdateCheck = 1320;
				LastUpgradeCheck = 1320;
				TargetAttributes = {
					53C338E028B4DB00002D8C77 = {
						CreatedOnToolsVersion = 13.2.1;
					};
				};
			};
			buildConfigurationList = 53C338DC28B4DB00002D8C77 /* Build configuration list for PBXProject "TurtleNeck" */;
			compatibilityVersion = "Xcode 13.0";
			developmentRegion = en;
			hasScannedForEncodings = 0;
			knownRegions = (
				en,
				Base,
			);
			mainGroup = 53C338D828B4DB00002D8C77;
			packageReferences = (
				53C338F328B4E1F2002D8C77 /* XCRemoteSwiftPackageReference "kakao-ios-sdk" */,
			);
			productRefGroup = 53C338E228B4DB00002D8C77 /* Products */;
			projectDirPath = "";
			projectRoot = "";
			targets = (
				53C338E028B4DB00002D8C77 /* TurtleNeck */,
			);
		};
/* End PBXProject section */

/* Begin PBXResourcesBuildPhase section */
		53C338DF28B4DB00002D8C77 /* Resources */ = {
			isa = PBXResourcesBuildPhase;
			buildActionMask = 2147483647;
			files = (
				53C338EC28B4DB02002D8C77 /* Preview Assets.xcassets in Resources */,
				53C338E928B4DB02002D8C77 /* Assets.xcassets in Resources */,
			);
			runOnlyForDeploymentPostprocessing = 0;
		};
/* End PBXResourcesBuildPhase section */

/* Begin PBXSourcesBuildPhase section */
		53C338DD28B4DB00002D8C77 /* Sources */ = {
			isa = PBXSourcesBuildPhase;
			buildActionMask = 2147483647;
			files = (
				3B57394628D9969000529A3E /* EmptyProfileView.swift in Sources */,
				3B57393E28D882C100529A3E /* Setting.swift in Sources */,
				53D65A0D28C880A800F3128A /* SettingsRow.swift in Sources */,
				53AE2AD128B8B87A00BC66B2 /* SettingsView.swift in Sources */,
				53AE2ACF28B8B86B00BC66B2 /* HomeView.swift in Sources */,
				3B91D15628B779A10023A587 /* LoginView.swift in Sources */,
				3B91D15628B779A10023A587 /* OnboardingView.swift in Sources */,
				3B7DA64E28B8AC2A0078004B /* OnboardingItem.swift in Sources */,
				3B8BE7BB28D755B1005C93AA /* ProfileView.swift in Sources */,
				53C338E728B4DB00002D8C77 /* ContentView.swift in Sources */,
				53C338E528B4DB00002D8C77 /* TurtleNeckApp.swift in Sources */,
				53AE2AD328B8DF7800BC66B2 /* PopUpButton.swift in Sources */,
				53D65A1528C8907600F3128A /* NoticeView.swift in Sources */,
				3B57394228D8AE0E00529A3E /* VersionView.swift in Sources */,
				3B57394428D9958600529A3E /* Notice.swift in Sources */,
			);
			runOnlyForDeploymentPostprocessing = 0;
		};
/* End PBXSourcesBuildPhase section */

/* Begin XCBuildConfiguration section */
		53C338ED28B4DB02002D8C77 /* Debug */ = {
			isa = XCBuildConfiguration;
			buildSettings = {
				ALWAYS_SEARCH_USER_PATHS = NO;
				CLANG_ANALYZER_NONNULL = YES;
				CLANG_ANALYZER_NUMBER_OBJECT_CONVERSION = YES_AGGRESSIVE;
				CLANG_CXX_LANGUAGE_STANDARD = "gnu++17";
				CLANG_CXX_LIBRARY = "libc++";
				CLANG_ENABLE_MODULES = YES;
				CLANG_ENABLE_OBJC_ARC = YES;
				CLANG_ENABLE_OBJC_WEAK = YES;
				CLANG_WARN_BLOCK_CAPTURE_AUTORELEASING = YES;
				CLANG_WARN_BOOL_CONVERSION = YES;
				CLANG_WARN_COMMA = YES;
				CLANG_WARN_CONSTANT_CONVERSION = YES;
				CLANG_WARN_DEPRECATED_OBJC_IMPLEMENTATIONS = YES;
				CLANG_WARN_DIRECT_OBJC_ISA_USAGE = YES_ERROR;
				CLANG_WARN_DOCUMENTATION_COMMENTS = YES;
				CLANG_WARN_EMPTY_BODY = YES;
				CLANG_WARN_ENUM_CONVERSION = YES;
				CLANG_WARN_INFINITE_RECURSION = YES;
				CLANG_WARN_INT_CONVERSION = YES;
				CLANG_WARN_NON_LITERAL_NULL_CONVERSION = YES;
				CLANG_WARN_OBJC_IMPLICIT_RETAIN_SELF = YES;
				CLANG_WARN_OBJC_LITERAL_CONVERSION = YES;
				CLANG_WARN_OBJC_ROOT_CLASS = YES_ERROR;
				CLANG_WARN_QUOTED_INCLUDE_IN_FRAMEWORK_HEADER = YES;
				CLANG_WARN_RANGE_LOOP_ANALYSIS = YES;
				CLANG_WARN_STRICT_PROTOTYPES = YES;
				CLANG_WARN_SUSPICIOUS_MOVE = YES;
				CLANG_WARN_UNGUARDED_AVAILABILITY = YES_AGGRESSIVE;
				CLANG_WARN_UNREACHABLE_CODE = YES;
				CLANG_WARN__DUPLICATE_METHOD_MATCH = YES;
				COPY_PHASE_STRIP = NO;
				DEBUG_INFORMATION_FORMAT = dwarf;
				ENABLE_STRICT_OBJC_MSGSEND = YES;
				ENABLE_TESTABILITY = YES;
				GCC_C_LANGUAGE_STANDARD = gnu11;
				GCC_DYNAMIC_NO_PIC = NO;
				GCC_NO_COMMON_BLOCKS = YES;
				GCC_OPTIMIZATION_LEVEL = 0;
				GCC_PREPROCESSOR_DEFINITIONS = (
					"DEBUG=1",
					"$(inherited)",
				);
				GCC_WARN_64_TO_32_BIT_CONVERSION = YES;
				GCC_WARN_ABOUT_RETURN_TYPE = YES_ERROR;
				GCC_WARN_UNDECLARED_SELECTOR = YES;
				GCC_WARN_UNINITIALIZED_AUTOS = YES_AGGRESSIVE;
				GCC_WARN_UNUSED_FUNCTION = YES;
				GCC_WARN_UNUSED_VARIABLE = YES;
				IPHONEOS_DEPLOYMENT_TARGET = 15.0;
				MTL_ENABLE_DEBUG_INFO = INCLUDE_SOURCE;
				MTL_FAST_MATH = YES;
				ONLY_ACTIVE_ARCH = YES;
				SDKROOT = iphoneos;
				SWIFT_ACTIVE_COMPILATION_CONDITIONS = DEBUG;
				SWIFT_OPTIMIZATION_LEVEL = "-Onone";
			};
			name = Debug;
		};
		53C338EE28B4DB02002D8C77 /* Release */ = {
			isa = XCBuildConfiguration;
			buildSettings = {
				ALWAYS_SEARCH_USER_PATHS = NO;
				CLANG_ANALYZER_NONNULL = YES;
				CLANG_ANALYZER_NUMBER_OBJECT_CONVERSION = YES_AGGRESSIVE;
				CLANG_CXX_LANGUAGE_STANDARD = "gnu++17";
				CLANG_CXX_LIBRARY = "libc++";
				CLANG_ENABLE_MODULES = YES;
				CLANG_ENABLE_OBJC_ARC = YES;
				CLANG_ENABLE_OBJC_WEAK = YES;
				CLANG_WARN_BLOCK_CAPTURE_AUTORELEASING = YES;
				CLANG_WARN_BOOL_CONVERSION = YES;
				CLANG_WARN_COMMA = YES;
				CLANG_WARN_CONSTANT_CONVERSION = YES;
				CLANG_WARN_DEPRECATED_OBJC_IMPLEMENTATIONS = YES;
				CLANG_WARN_DIRECT_OBJC_ISA_USAGE = YES_ERROR;
				CLANG_WARN_DOCUMENTATION_COMMENTS = YES;
				CLANG_WARN_EMPTY_BODY = YES;
				CLANG_WARN_ENUM_CONVERSION = YES;
				CLANG_WARN_INFINITE_RECURSION = YES;
				CLANG_WARN_INT_CONVERSION = YES;
				CLANG_WARN_NON_LITERAL_NULL_CONVERSION = YES;
				CLANG_WARN_OBJC_IMPLICIT_RETAIN_SELF = YES;
				CLANG_WARN_OBJC_LITERAL_CONVERSION = YES;
				CLANG_WARN_OBJC_ROOT_CLASS = YES_ERROR;
				CLANG_WARN_QUOTED_INCLUDE_IN_FRAMEWORK_HEADER = YES;
				CLANG_WARN_RANGE_LOOP_ANALYSIS = YES;
				CLANG_WARN_STRICT_PROTOTYPES = YES;
				CLANG_WARN_SUSPICIOUS_MOVE = YES;
				CLANG_WARN_UNGUARDED_AVAILABILITY = YES_AGGRESSIVE;
				CLANG_WARN_UNREACHABLE_CODE = YES;
				CLANG_WARN__DUPLICATE_METHOD_MATCH = YES;
				COPY_PHASE_STRIP = NO;
				DEBUG_INFORMATION_FORMAT = "dwarf-with-dsym";
				ENABLE_NS_ASSERTIONS = NO;
				ENABLE_STRICT_OBJC_MSGSEND = YES;
				GCC_C_LANGUAGE_STANDARD = gnu11;
				GCC_NO_COMMON_BLOCKS = YES;
				GCC_WARN_64_TO_32_BIT_CONVERSION = YES;
				GCC_WARN_ABOUT_RETURN_TYPE = YES_ERROR;
				GCC_WARN_UNDECLARED_SELECTOR = YES;
				GCC_WARN_UNINITIALIZED_AUTOS = YES_AGGRESSIVE;
				GCC_WARN_UNUSED_FUNCTION = YES;
				GCC_WARN_UNUSED_VARIABLE = YES;
				IPHONEOS_DEPLOYMENT_TARGET = 15.0;
				MTL_ENABLE_DEBUG_INFO = NO;
				MTL_FAST_MATH = YES;
				SDKROOT = iphoneos;
				SWIFT_COMPILATION_MODE = wholemodule;
				SWIFT_OPTIMIZATION_LEVEL = "-O";
				VALIDATE_PRODUCT = YES;
			};
			name = Release;
		};
		53C338F028B4DB02002D8C77 /* Debug */ = {
			isa = XCBuildConfiguration;
			buildSettings = {
				ASSETCATALOG_COMPILER_APPICON_NAME = AppIcon;
				ASSETCATALOG_COMPILER_GLOBAL_ACCENT_COLOR_NAME = AccentColor;
				CODE_SIGN_STYLE = Automatic;
				CURRENT_PROJECT_VERSION = 1;
				DEVELOPMENT_ASSET_PATHS = "\"TurtleNeck/Preview Content\"";
				DEVELOPMENT_TEAM = UKU2UB96JP;
				ENABLE_PREVIEWS = YES;
				GENERATE_INFOPLIST_FILE = YES;
				INFOPLIST_FILE = TurtleNeck/Info.plist;
				INFOPLIST_KEY_UIApplicationSceneManifest_Generation = YES;
				INFOPLIST_KEY_UIApplicationSupportsIndirectInputEvents = YES;
				INFOPLIST_KEY_UISupportedInterfaceOrientations = UIInterfaceOrientationPortrait;
				INFOPLIST_KEY_UISupportedInterfaceOrientations_iPad = "UIInterfaceOrientationPortrait UIInterfaceOrientationPortraitUpsideDown UIInterfaceOrientationLandscapeLeft UIInterfaceOrientationLandscapeRight";
				INFOPLIST_KEY_UISupportedInterfaceOrientations_iPhone = "UIInterfaceOrientationPortrait UIInterfaceOrientationLandscapeLeft UIInterfaceOrientationLandscapeRight";
				INFOPLIST_KEY_UIUserInterfaceStyle = Light;
				IPHONEOS_DEPLOYMENT_TARGET = 15.0;
				LD_RUNPATH_SEARCH_PATHS = (
					"$(inherited)",
					"@executable_path/Frameworks",
				);
				MARKETING_VERSION = 1.0;
				PRODUCT_BUNDLE_IDENTIFIER = com.sunwoo.TurtleNeck;
				PRODUCT_NAME = "$(TARGET_NAME)";
				SWIFT_EMIT_LOC_STRINGS = YES;
				SWIFT_VERSION = 5.0;
				TARGETED_DEVICE_FAMILY = 1;
			};
			name = Debug;
		};
		53C338F128B4DB02002D8C77 /* Release */ = {
			isa = XCBuildConfiguration;
			buildSettings = {
				ASSETCATALOG_COMPILER_APPICON_NAME = AppIcon;
				ASSETCATALOG_COMPILER_GLOBAL_ACCENT_COLOR_NAME = AccentColor;
				CODE_SIGN_IDENTITY = "Apple Development";
				CODE_SIGN_STYLE = Automatic;
				CURRENT_PROJECT_VERSION = 1;
				DEVELOPMENT_ASSET_PATHS = "\"TurtleNeck/Preview Content\"";
				DEVELOPMENT_TEAM = UKU2UB96JP;
				ENABLE_PREVIEWS = YES;
				GENERATE_INFOPLIST_FILE = YES;
				INFOPLIST_FILE = TurtleNeck/Info.plist;
				INFOPLIST_KEY_UIApplicationSceneManifest_Generation = YES;
				INFOPLIST_KEY_UIApplicationSupportsIndirectInputEvents = YES;
				INFOPLIST_KEY_UISupportedInterfaceOrientations = UIInterfaceOrientationPortrait;
				INFOPLIST_KEY_UISupportedInterfaceOrientations_iPad = "UIInterfaceOrientationPortrait UIInterfaceOrientationPortraitUpsideDown UIInterfaceOrientationLandscapeLeft UIInterfaceOrientationLandscapeRight";
				INFOPLIST_KEY_UISupportedInterfaceOrientations_iPhone = "UIInterfaceOrientationPortrait UIInterfaceOrientationLandscapeLeft UIInterfaceOrientationLandscapeRight";
				INFOPLIST_KEY_UIUserInterfaceStyle = Light;
				IPHONEOS_DEPLOYMENT_TARGET = 15.0;
				LD_RUNPATH_SEARCH_PATHS = (
					"$(inherited)",
					"@executable_path/Frameworks",
				);
				MARKETING_VERSION = 1.0;
				PRODUCT_BUNDLE_IDENTIFIER = com.sunwoo.TurtleNeck;
				PRODUCT_NAME = "$(TARGET_NAME)";
				PROVISIONING_PROFILE_SPECIFIER = "";
				SWIFT_EMIT_LOC_STRINGS = YES;
				SWIFT_VERSION = 5.0;
				TARGETED_DEVICE_FAMILY = 1;
			};
			name = Release;
		};
/* End XCBuildConfiguration section */

/* Begin XCConfigurationList section */
		53C338DC28B4DB00002D8C77 /* Build configuration list for PBXProject "TurtleNeck" */ = {
			isa = XCConfigurationList;
			buildConfigurations = (
				53C338ED28B4DB02002D8C77 /* Debug */,
				53C338EE28B4DB02002D8C77 /* Release */,
			);
			defaultConfigurationIsVisible = 0;
			defaultConfigurationName = Release;
		};
		53C338EF28B4DB02002D8C77 /* Build configuration list for PBXNativeTarget "TurtleNeck" */ = {
			isa = XCConfigurationList;
			buildConfigurations = (
				53C338F028B4DB02002D8C77 /* Debug */,
				53C338F128B4DB02002D8C77 /* Release */,
			);
			defaultConfigurationIsVisible = 0;
			defaultConfigurationName = Release;
		};
/* End XCConfigurationList section */

/* Begin XCRemoteSwiftPackageReference section */
		53C338F328B4E1F2002D8C77 /* XCRemoteSwiftPackageReference "kakao-ios-sdk" */ = {
			isa = XCRemoteSwiftPackageReference;
			repositoryURL = "https://github.com/kakao/kakao-ios-sdk";
			requirement = {
				branch = master;
				kind = branch;
			};
		};
/* End XCRemoteSwiftPackageReference section */

/* Begin XCSwiftPackageProductDependency section */
		53C338F428B4E1F2002D8C77 /* KakaoSDKAuth */ = {
			isa = XCSwiftPackageProductDependency;
			package = 53C338F328B4E1F2002D8C77 /* XCRemoteSwiftPackageReference "kakao-ios-sdk" */;
			productName = KakaoSDKAuth;
		};
		53C338F628B4E1F2002D8C77 /* KakaoSDKUser */ = {
			isa = XCSwiftPackageProductDependency;
			package = 53C338F328B4E1F2002D8C77 /* XCRemoteSwiftPackageReference "kakao-ios-sdk" */;
			productName = KakaoSDKUser;
		};
/* End XCSwiftPackageProductDependency section */
	};
	rootObject = 53C338D928B4DB00002D8C77 /* Project object */;
}
