// !$*UTF8*$!
{
	archiveVersion = 1;
	classes = {
	};
	objectVersion = 55;
	objects = {

/* Begin PBXBuildFile section */
		3B06B0962951E3E0003B8BC5 /* PhotoGuideView.swift in Sources */ = {isa = PBXBuildFile; fileRef = 3B06B0952951E3E0003B8BC5 /* PhotoGuideView.swift */; };
		3B1CB2792976DF760021B13C /* View+Alert.swift in Sources */ = {isa = PBXBuildFile; fileRef = 3B1CB2782976DF760021B13C /* View+Alert.swift */; };
		3B1CB27A2976DFF30021B13C /* AppCore.swift in Sources */ = {isa = PBXBuildFile; fileRef = 3BF63981292CA6290002A03E /* AppCore.swift */; };
		3B22F0C9296419A200E3F93A /* User.xcdatamodeld in Sources */ = {isa = PBXBuildFile; fileRef = 3B22F0C7296419A200E3F93A /* User.xcdatamodeld */; };
		3B22F0CD296422A900E3F93A /* User+CoreDataClass.swift in Sources */ = {isa = PBXBuildFile; fileRef = 3B22F0CB296422A900E3F93A /* User+CoreDataClass.swift */; };
		3B22F0CE296422A900E3F93A /* User+CoreDataProperties.swift in Sources */ = {isa = PBXBuildFile; fileRef = 3B22F0CC296422A900E3F93A /* User+CoreDataProperties.swift */; };
		3B31240C29602C850060B00E /* CollapsibleView.swift in Sources */ = {isa = PBXBuildFile; fileRef = 3B31240B29602C850060B00E /* CollapsibleView.swift */; };
		3B57393E28D882C100529A3E /* Setting.swift in Sources */ = {isa = PBXBuildFile; fileRef = 3B57393D28D882C100529A3E /* Setting.swift */; };
		3B57394228D8AE0E00529A3E /* VersionView.swift in Sources */ = {isa = PBXBuildFile; fileRef = 3B57394128D8AE0E00529A3E /* VersionView.swift */; };
		3B57394428D9958600529A3E /* Notice.swift in Sources */ = {isa = PBXBuildFile; fileRef = 3B57394328D9958600529A3E /* Notice.swift */; };
		3B57868428E1B5FA002327F8 /* OnboardingView.swift in Sources */ = {isa = PBXBuildFile; fileRef = 3B91D15528B779A10023A587 /* OnboardingView.swift */; };
		3B57868628E41F65002327F8 /* UploadView.swift in Sources */ = {isa = PBXBuildFile; fileRef = 3B57868528E41F65002327F8 /* UploadView.swift */; };
		3B57868828E48151002327F8 /* ImagePicker.swift in Sources */ = {isa = PBXBuildFile; fileRef = 3B57868728E48151002327F8 /* ImagePicker.swift */; };
		3B57868D28E59340002327F8 /* ResultView.swift in Sources */ = {isa = PBXBuildFile; fileRef = 3B57868C28E59340002327F8 /* ResultView.swift */; };
		3B57868F28E6E094002327F8 /* ResultFailView.swift in Sources */ = {isa = PBXBuildFile; fileRef = 3B57868E28E6E094002327F8 /* ResultFailView.swift */; };
		3B733526294B18F400938B1A /* Grade.swift in Sources */ = {isa = PBXBuildFile; fileRef = 3B733525294B18F400938B1A /* Grade.swift */; };
		3BA1BB332962D45600683BCF /* Color+CustomColor.swift in Sources */ = {isa = PBXBuildFile; fileRef = 3BA1BB322962D45600683BCF /* Color+CustomColor.swift */; };
		3BC527CF29659FED003174B7 /* DataManager.swift in Sources */ = {isa = PBXBuildFile; fileRef = 3BC527CE29659FED003174B7 /* DataManager.swift */; };
		3BC69301296D62FC006DB8B6 /* RecordView.swift in Sources */ = {isa = PBXBuildFile; fileRef = 3BC69300296D62FC006DB8B6 /* RecordView.swift */; };
		3BD0CB6329695D4800F06968 /* RecordList.swift in Sources */ = {isa = PBXBuildFile; fileRef = 3BD0CB6229695D4800F06968 /* RecordList.swift */; };
		3BD0CB6529695D5200F06968 /* RecordItem.swift in Sources */ = {isa = PBXBuildFile; fileRef = 3BD0CB6429695D5200F06968 /* RecordItem.swift */; };
		3BF63980292B84460002A03E /* ComposableArchitecture in Frameworks */ = {isa = PBXBuildFile; productRef = 3BF6397F292B84460002A03E /* ComposableArchitecture */; };
		3BF63988292CB4490002A03E /* UploadCore.swift in Sources */ = {isa = PBXBuildFile; fileRef = 3BF63987292CB4490002A03E /* UploadCore.swift */; };
		3BFB72A12948B6ED0012E7F0 /* BottomCurve.swift in Sources */ = {isa = PBXBuildFile; fileRef = 3BFB72A02948B6ED0012E7F0 /* BottomCurve.swift */; };
		533C28762981550C0077323F /* Assets.xcassets in Resources */ = {isa = PBXBuildFile; fileRef = 53C338E828B4DB02002D8C77 /* Assets.xcassets */; };
		534CF491295B08B800C5EACF /* ScoreCalculator.swift in Sources */ = {isa = PBXBuildFile; fileRef = 534CF490295B08B800C5EACF /* ScoreCalculator.swift */; };
		537C295A295064A90015A69A /* ResultCore.swift in Sources */ = {isa = PBXBuildFile; fileRef = 537C2959295064A90015A69A /* ResultCore.swift */; };
		537C295C29533ECF0015A69A /* DegreeCalculator.swift in Sources */ = {isa = PBXBuildFile; fileRef = 537C295B29533ECF0015A69A /* DegreeCalculator.swift */; };
		537C296529546AB20015A69A /* ScoreView.swift in Sources */ = {isa = PBXBuildFile; fileRef = 537C296429546AB20015A69A /* ScoreView.swift */; };
		537C296729546AC20015A69A /* ResultItemView.swift in Sources */ = {isa = PBXBuildFile; fileRef = 537C296629546AC20015A69A /* ResultItemView.swift */; };
		537C296929546ACE0015A69A /* ResultImageView.swift in Sources */ = {isa = PBXBuildFile; fileRef = 537C296829546ACE0015A69A /* ResultImageView.swift */; };
		537C296D29559C290015A69A /* SolutionView.swift in Sources */ = {isa = PBXBuildFile; fileRef = 537C296C29559C290015A69A /* SolutionView.swift */; };
		537C296F2955A28F0015A69A /* VerticalLine.swift in Sources */ = {isa = PBXBuildFile; fileRef = 537C296E2955A28F0015A69A /* VerticalLine.swift */; };
		537C29712955C0A40015A69A /* ResultProgressStyle.swift in Sources */ = {isa = PBXBuildFile; fileRef = 537C29702955C0A40015A69A /* ResultProgressStyle.swift */; };
		5386F2DF29488187006E1756 /* UIImage+DownSample.swift in Sources */ = {isa = PBXBuildFile; fileRef = 5386F2DE29488187006E1756 /* UIImage+DownSample.swift */; };
		53AE2ACF28B8B86B00BC66B2 /* HomeView.swift in Sources */ = {isa = PBXBuildFile; fileRef = 53AE2ACE28B8B86B00BC66B2 /* HomeView.swift */; };
		53AE2AD128B8B87A00BC66B2 /* SettingsView.swift in Sources */ = {isa = PBXBuildFile; fileRef = 53AE2AD028B8B87A00BC66B2 /* SettingsView.swift */; };
		53AE2AD328B8DF7800BC66B2 /* PopUpButton.swift in Sources */ = {isa = PBXBuildFile; fileRef = 53AE2AD228B8DF7800BC66B2 /* PopUpButton.swift */; };
		53B541EA2964103D0064713E /* ValidityCalculator.swift in Sources */ = {isa = PBXBuildFile; fileRef = 53B541E92964103D0064713E /* ValidityCalculator.swift */; };
		53C338E528B4DB00002D8C77 /* TurtleNeckApp.swift in Sources */ = {isa = PBXBuildFile; fileRef = 53C338E428B4DB00002D8C77 /* TurtleNeckApp.swift */; };
		53C338E728B4DB00002D8C77 /* AppView.swift in Sources */ = {isa = PBXBuildFile; fileRef = 53C338E628B4DB00002D8C77 /* AppView.swift */; };
		53C338EC28B4DB02002D8C77 /* Preview Assets.xcassets in Resources */ = {isa = PBXBuildFile; fileRef = 53C338EB28B4DB02002D8C77 /* Preview Assets.xcassets */; };
		53CDEDF429421D1D00A4B1EA /* PoseClient.swift in Sources */ = {isa = PBXBuildFile; fileRef = 53CDEDF329421D1D00A4B1EA /* PoseClient.swift */; };
		53CDEDF6294325D600A4B1EA /* PoseInfo.plist in Resources */ = {isa = PBXBuildFile; fileRef = 53CDEDF5294325D600A4B1EA /* PoseInfo.plist */; };
		53CDEDF829432FD300A4B1EA /* TurtleNeck++Bundle.swift in Sources */ = {isa = PBXBuildFile; fileRef = 53CDEDF729432FD300A4B1EA /* TurtleNeck++Bundle.swift */; };
		53CDEDFD294342A200A4B1EA /* KeychainError.swift in Sources */ = {isa = PBXBuildFile; fileRef = 53CDEDFC294342A200A4B1EA /* KeychainError.swift */; };
		53CDEE0129436F2D00A4B1EA /* Pose.swift in Sources */ = {isa = PBXBuildFile; fileRef = 53CDEE0029436F2D00A4B1EA /* Pose.swift */; };
		53CFB181295EF0FF001F648D /* ResultDescriptionView.swift in Sources */ = {isa = PBXBuildFile; fileRef = 53CFB180295EF0FF001F648D /* ResultDescriptionView.swift */; };
		53D65A0D28C880A800F3128A /* SettingsRow.swift in Sources */ = {isa = PBXBuildFile; fileRef = 53D65A0C28C880A800F3128A /* SettingsRow.swift */; };
		53D65A1528C8907600F3128A /* NoticeView.swift in Sources */ = {isa = PBXBuildFile; fileRef = 53D65A1428C8907600F3128A /* NoticeView.swift */; };
		53E92340296C558B008D7794 /* RollingText.swift in Sources */ = {isa = PBXBuildFile; fileRef = 53E9233F296C558B008D7794 /* RollingText.swift */; };
/* End PBXBuildFile section */

/* Begin PBXFileReference section */
		3B06B0952951E3E0003B8BC5 /* PhotoGuideView.swift */ = {isa = PBXFileReference; lastKnownFileType = sourcecode.swift; path = PhotoGuideView.swift; sourceTree = "<group>"; };
		3B1CB2782976DF760021B13C /* View+Alert.swift */ = {isa = PBXFileReference; lastKnownFileType = sourcecode.swift; path = "View+Alert.swift"; sourceTree = "<group>"; };
		3B22F0C8296419A200E3F93A /* User.xcdatamodel */ = {isa = PBXFileReference; lastKnownFileType = wrapper.xcdatamodel; path = User.xcdatamodel; sourceTree = "<group>"; };
		3B22F0CB296422A900E3F93A /* User+CoreDataClass.swift */ = {isa = PBXFileReference; lastKnownFileType = sourcecode.swift; path = "User+CoreDataClass.swift"; sourceTree = "<group>"; };
		3B22F0CC296422A900E3F93A /* User+CoreDataProperties.swift */ = {isa = PBXFileReference; lastKnownFileType = sourcecode.swift; path = "User+CoreDataProperties.swift"; sourceTree = "<group>"; };
		3B31240B29602C850060B00E /* CollapsibleView.swift */ = {isa = PBXFileReference; lastKnownFileType = sourcecode.swift; path = CollapsibleView.swift; sourceTree = "<group>"; };
		3B57393D28D882C100529A3E /* Setting.swift */ = {isa = PBXFileReference; lastKnownFileType = sourcecode.swift; path = Setting.swift; sourceTree = "<group>"; };
		3B57394128D8AE0E00529A3E /* VersionView.swift */ = {isa = PBXFileReference; lastKnownFileType = sourcecode.swift; path = VersionView.swift; sourceTree = "<group>"; };
		3B57394328D9958600529A3E /* Notice.swift */ = {isa = PBXFileReference; lastKnownFileType = sourcecode.swift; path = Notice.swift; sourceTree = "<group>"; };
		3B57868528E41F65002327F8 /* UploadView.swift */ = {isa = PBXFileReference; lastKnownFileType = sourcecode.swift; path = UploadView.swift; sourceTree = "<group>"; };
		3B57868728E48151002327F8 /* ImagePicker.swift */ = {isa = PBXFileReference; lastKnownFileType = sourcecode.swift; path = ImagePicker.swift; sourceTree = "<group>"; };
		3B57868C28E59340002327F8 /* ResultView.swift */ = {isa = PBXFileReference; lastKnownFileType = sourcecode.swift; path = ResultView.swift; sourceTree = "<group>"; };
		3B57868E28E6E094002327F8 /* ResultFailView.swift */ = {isa = PBXFileReference; lastKnownFileType = sourcecode.swift; path = ResultFailView.swift; sourceTree = "<group>"; };
		3B733525294B18F400938B1A /* Grade.swift */ = {isa = PBXFileReference; lastKnownFileType = sourcecode.swift; path = Grade.swift; sourceTree = "<group>"; };
		3B91D15528B779A10023A587 /* OnboardingView.swift */ = {isa = PBXFileReference; lastKnownFileType = sourcecode.swift; path = OnboardingView.swift; sourceTree = "<group>"; };
		3BA1BB322962D45600683BCF /* Color+CustomColor.swift */ = {isa = PBXFileReference; lastKnownFileType = sourcecode.swift; path = "Color+CustomColor.swift"; sourceTree = "<group>"; };
		3BC527CE29659FED003174B7 /* DataManager.swift */ = {isa = PBXFileReference; lastKnownFileType = sourcecode.swift; path = DataManager.swift; sourceTree = "<group>"; };
		3BC69300296D62FC006DB8B6 /* RecordView.swift */ = {isa = PBXFileReference; lastKnownFileType = sourcecode.swift; path = RecordView.swift; sourceTree = "<group>"; };
		3BD0CB6229695D4800F06968 /* RecordList.swift */ = {isa = PBXFileReference; lastKnownFileType = sourcecode.swift; path = RecordList.swift; sourceTree = "<group>"; };
		3BD0CB6429695D5200F06968 /* RecordItem.swift */ = {isa = PBXFileReference; lastKnownFileType = sourcecode.swift; path = RecordItem.swift; sourceTree = "<group>"; };
		3BF63981292CA6290002A03E /* AppCore.swift */ = {isa = PBXFileReference; lastKnownFileType = sourcecode.swift; path = AppCore.swift; sourceTree = "<group>"; };
		3BF63987292CB4490002A03E /* UploadCore.swift */ = {isa = PBXFileReference; lastKnownFileType = sourcecode.swift; path = UploadCore.swift; sourceTree = "<group>"; };
		3BFB72A02948B6ED0012E7F0 /* BottomCurve.swift */ = {isa = PBXFileReference; lastKnownFileType = sourcecode.swift; path = BottomCurve.swift; sourceTree = "<group>"; };
		534CF490295B08B800C5EACF /* ScoreCalculator.swift */ = {isa = PBXFileReference; lastKnownFileType = sourcecode.swift; path = ScoreCalculator.swift; sourceTree = "<group>"; };
		537C2959295064A90015A69A /* ResultCore.swift */ = {isa = PBXFileReference; lastKnownFileType = sourcecode.swift; path = ResultCore.swift; sourceTree = "<group>"; };
		537C295B29533ECF0015A69A /* DegreeCalculator.swift */ = {isa = PBXFileReference; lastKnownFileType = sourcecode.swift; path = DegreeCalculator.swift; sourceTree = "<group>"; };
		537C296429546AB20015A69A /* ScoreView.swift */ = {isa = PBXFileReference; lastKnownFileType = sourcecode.swift; path = ScoreView.swift; sourceTree = "<group>"; };
		537C296629546AC20015A69A /* ResultItemView.swift */ = {isa = PBXFileReference; lastKnownFileType = sourcecode.swift; path = ResultItemView.swift; sourceTree = "<group>"; };
		537C296829546ACE0015A69A /* ResultImageView.swift */ = {isa = PBXFileReference; lastKnownFileType = sourcecode.swift; path = ResultImageView.swift; sourceTree = "<group>"; };
		537C296C29559C290015A69A /* SolutionView.swift */ = {isa = PBXFileReference; lastKnownFileType = sourcecode.swift; path = SolutionView.swift; sourceTree = "<group>"; };
		537C296E2955A28F0015A69A /* VerticalLine.swift */ = {isa = PBXFileReference; lastKnownFileType = sourcecode.swift; path = VerticalLine.swift; sourceTree = "<group>"; };
		537C29702955C0A40015A69A /* ResultProgressStyle.swift */ = {isa = PBXFileReference; lastKnownFileType = sourcecode.swift; path = ResultProgressStyle.swift; sourceTree = "<group>"; };
		5386F2DE29488187006E1756 /* UIImage+DownSample.swift */ = {isa = PBXFileReference; lastKnownFileType = sourcecode.swift; path = "UIImage+DownSample.swift"; sourceTree = "<group>"; };
		53AE2ACE28B8B86B00BC66B2 /* HomeView.swift */ = {isa = PBXFileReference; lastKnownFileType = sourcecode.swift; path = HomeView.swift; sourceTree = "<group>"; };
		53AE2AD028B8B87A00BC66B2 /* SettingsView.swift */ = {isa = PBXFileReference; lastKnownFileType = sourcecode.swift; name = SettingsView.swift; path = TurtleNeck/Module/Feature/Screen/Settings/SettingsView/SettingsView.swift; sourceTree = SOURCE_ROOT; };
		53AE2AD228B8DF7800BC66B2 /* PopUpButton.swift */ = {isa = PBXFileReference; lastKnownFileType = sourcecode.swift; path = PopUpButton.swift; sourceTree = "<group>"; };
		53B541E92964103D0064713E /* ValidityCalculator.swift */ = {isa = PBXFileReference; lastKnownFileType = sourcecode.swift; path = ValidityCalculator.swift; sourceTree = "<group>"; };
		53C338E128B4DB00002D8C77 /* TurtleNeck.app */ = {isa = PBXFileReference; explicitFileType = wrapper.application; includeInIndex = 0; path = TurtleNeck.app; sourceTree = BUILT_PRODUCTS_DIR; };
		53C338E428B4DB00002D8C77 /* TurtleNeckApp.swift */ = {isa = PBXFileReference; lastKnownFileType = sourcecode.swift; path = TurtleNeckApp.swift; sourceTree = "<group>"; };
		53C338E628B4DB00002D8C77 /* AppView.swift */ = {isa = PBXFileReference; lastKnownFileType = sourcecode.swift; path = AppView.swift; sourceTree = "<group>"; };
		53C338E828B4DB02002D8C77 /* Assets.xcassets */ = {isa = PBXFileReference; lastKnownFileType = folder.assetcatalog; path = Assets.xcassets; sourceTree = "<group>"; };
		53C338EB28B4DB02002D8C77 /* Preview Assets.xcassets */ = {isa = PBXFileReference; lastKnownFileType = folder.assetcatalog; path = "Preview Assets.xcassets"; sourceTree = "<group>"; };
		53C338F228B4DCA5002D8C77 /* Info.plist */ = {isa = PBXFileReference; lastKnownFileType = text.plist.xml; path = Info.plist; sourceTree = "<group>"; };
		53CDEDF329421D1D00A4B1EA /* PoseClient.swift */ = {isa = PBXFileReference; lastKnownFileType = sourcecode.swift; path = PoseClient.swift; sourceTree = "<group>"; };
		53CDEDF5294325D600A4B1EA /* PoseInfo.plist */ = {isa = PBXFileReference; lastKnownFileType = text.plist.xml; path = PoseInfo.plist; sourceTree = "<group>"; };
		53CDEDF729432FD300A4B1EA /* TurtleNeck++Bundle.swift */ = {isa = PBXFileReference; lastKnownFileType = sourcecode.swift; path = "TurtleNeck++Bundle.swift"; sourceTree = "<group>"; };
		53CDEDFC294342A200A4B1EA /* KeychainError.swift */ = {isa = PBXFileReference; lastKnownFileType = sourcecode.swift; path = KeychainError.swift; sourceTree = "<group>"; };
		53CDEE0029436F2D00A4B1EA /* Pose.swift */ = {isa = PBXFileReference; lastKnownFileType = sourcecode.swift; path = Pose.swift; sourceTree = "<group>"; };
		53CFB180295EF0FF001F648D /* ResultDescriptionView.swift */ = {isa = PBXFileReference; lastKnownFileType = sourcecode.swift; path = ResultDescriptionView.swift; sourceTree = "<group>"; };
		53D65A0C28C880A800F3128A /* SettingsRow.swift */ = {isa = PBXFileReference; lastKnownFileType = sourcecode.swift; name = SettingsRow.swift; path = TurtleNeck/Module/Component/DesignSystems/Views/Settings/SettingsRow.swift; sourceTree = SOURCE_ROOT; };
		53D65A1428C8907600F3128A /* NoticeView.swift */ = {isa = PBXFileReference; lastKnownFileType = sourcecode.swift; path = NoticeView.swift; sourceTree = "<group>"; };
		53E9233F296C558B008D7794 /* RollingText.swift */ = {isa = PBXFileReference; lastKnownFileType = sourcecode.swift; path = RollingText.swift; sourceTree = "<group>"; };
/* End PBXFileReference section */

/* Begin PBXFrameworksBuildPhase section */
		53C338DE28B4DB00002D8C77 /* Frameworks */ = {
			isa = PBXFrameworksBuildPhase;
			buildActionMask = 2147483647;
			files = (
				3BF63980292B84460002A03E /* ComposableArchitecture in Frameworks */,
			);
			runOnlyForDeploymentPostprocessing = 0;
		};
/* End PBXFrameworksBuildPhase section */

/* Begin PBXGroup section */
		3B22F0CA29641A9100E3F93A /* CoreData */ = {
			isa = PBXGroup;
			children = (
				3B22F0C7296419A200E3F93A /* User.xcdatamodeld */,
				3B22F0CB296422A900E3F93A /* User+CoreDataClass.swift */,
				3B22F0CC296422A900E3F93A /* User+CoreDataProperties.swift */,
				3BC527CE29659FED003174B7 /* DataManager.swift */,
			);
			path = CoreData;
			sourceTree = "<group>";
		};
		5308EDEF297837E400ED0FB1 /* Settings */ = {
			isa = PBXGroup;
			children = (
				53D65A0C28C880A800F3128A /* SettingsRow.swift */,
			);
			path = Settings;
			sourceTree = "<group>";
		};
		5308EDF02978399B00ED0FB1 /* Screen */ = {
			isa = PBXGroup;
			children = (
				5308EDF1297839A500ED0FB1 /* Onboarding */,
				5308EDF2297839B600ED0FB1 /* Home */,
				5308EDF3297839BA00ED0FB1 /* Upload */,
				5308EDF5297839E700ED0FB1 /* Settings */,
			);
			path = Screen;
			sourceTree = "<group>";
		};
		5308EDF1297839A500ED0FB1 /* Onboarding */ = {
			isa = PBXGroup;
			children = (
				3B91D15528B779A10023A587 /* OnboardingView.swift */,
			);
			path = Onboarding;
			sourceTree = "<group>";
		};
		5308EDF2297839B600ED0FB1 /* Home */ = {
			isa = PBXGroup;
			children = (
				5308EDFA29783D4500ED0FB1 /* HomeView */,
				5308EDFB29783D4B00ED0FB1 /* RecordView */,
			);
			path = Home;
			sourceTree = "<group>";
		};
		5308EDF3297839BA00ED0FB1 /* Upload */ = {
			isa = PBXGroup;
			children = (
				3BF63987292CB4490002A03E /* UploadCore.swift */,
				5308EDF629783C4500ED0FB1 /* UploadView */,
				5308EDF4297839DF00ED0FB1 /* Result */,
			);
			path = Upload;
			sourceTree = "<group>";
		};
		5308EDF4297839DF00ED0FB1 /* Result */ = {
			isa = PBXGroup;
			children = (
				537C2959295064A90015A69A /* ResultCore.swift */,
				5308EDF729783C9700ED0FB1 /* ResultSuccess */,
				5308EDF829783CC500ED0FB1 /* ResultFail */,
			);
			path = Result;
			sourceTree = "<group>";
		};
		5308EDF5297839E700ED0FB1 /* Settings */ = {
			isa = PBXGroup;
			children = (
				5308EDFC29783D8200ED0FB1 /* SettingsView */,
			);
			path = Settings;
			sourceTree = "<group>";
		};
		5308EDF629783C4500ED0FB1 /* UploadView */ = {
			isa = PBXGroup;
			children = (
				3B57868528E41F65002327F8 /* UploadView.swift */,
			);
			path = UploadView;
			sourceTree = "<group>";
		};
		5308EDF729783C9700ED0FB1 /* ResultSuccess */ = {
			isa = PBXGroup;
			children = (
				3B57868C28E59340002327F8 /* ResultView.swift */,
			);
			path = ResultSuccess;
			sourceTree = "<group>";
		};
		5308EDF829783CC500ED0FB1 /* ResultFail */ = {
			isa = PBXGroup;
			children = (
				3B57868E28E6E094002327F8 /* ResultFailView.swift */,
			);
			path = ResultFail;
			sourceTree = "<group>";
		};
		5308EDF929783D0100ED0FB1 /* Upload */ = {
			isa = PBXGroup;
			children = (
				53E923842978316E008D7794 /* Guide */,
			);
			path = Upload;
			sourceTree = "<group>";
		};
		5308EDFA29783D4500ED0FB1 /* HomeView */ = {
			isa = PBXGroup;
			children = (
				53AE2ACE28B8B86B00BC66B2 /* HomeView.swift */,
			);
			path = HomeView;
			sourceTree = "<group>";
		};
		5308EDFB29783D4B00ED0FB1 /* RecordView */ = {
			isa = PBXGroup;
			children = (
				3BC69300296D62FC006DB8B6 /* RecordView.swift */,
			);
			path = RecordView;
			sourceTree = "<group>";
		};
		5308EDFC29783D8200ED0FB1 /* SettingsView */ = {
			isa = PBXGroup;
			children = (
				53AE2AD028B8B87A00BC66B2 /* SettingsView.swift */,
				5308EDFE29783DAB00ED0FB1 /* Version */,
				5308EDFD29783D9C00ED0FB1 /* Notice */,
			);
			path = SettingsView;
			sourceTree = "<group>";
		};
		5308EDFD29783D9C00ED0FB1 /* Notice */ = {
			isa = PBXGroup;
			children = (
				53D65A1428C8907600F3128A /* NoticeView.swift */,
			);
			path = Notice;
			sourceTree = "<group>";
		};
		5308EDFE29783DAB00ED0FB1 /* Version */ = {
			isa = PBXGroup;
			children = (
				3B57394128D8AE0E00529A3E /* VersionView.swift */,
			);
			path = Version;
			sourceTree = "<group>";
		};
		53C338D828B4DB00002D8C77 = {
			isa = PBXGroup;
			children = (
				53C338E328B4DB00002D8C77 /* TurtleNeck */,
				53C338E228B4DB00002D8C77 /* Products */,
			);
			sourceTree = "<group>";
		};
		53C338E228B4DB00002D8C77 /* Products */ = {
			isa = PBXGroup;
			children = (
				53C338E128B4DB00002D8C77 /* TurtleNeck.app */,
			);
			name = Products;
			sourceTree = "<group>";
		};
		53C338E328B4DB00002D8C77 /* TurtleNeck */ = {
			isa = PBXGroup;
			children = (
				53C338E828B4DB02002D8C77 /* Assets.xcassets */,
				53C338EB28B4DB02002D8C77 /* Preview Assets.xcassets */,
				53E9236E29781E5E008D7794 /* TurtleNeck */,
				53E923722978243D008D7794 /* Module */,
			);
			path = TurtleNeck;
			sourceTree = "<group>";
		};
		53CFB17F295EF0A3001F648D /* ResultItemView */ = {
			isa = PBXGroup;
			children = (
				537C296629546AC20015A69A /* ResultItemView.swift */,
				537C296829546ACE0015A69A /* ResultImageView.swift */,
				537C296E2955A28F0015A69A /* VerticalLine.swift */,
				53CFB180295EF0FF001F648D /* ResultDescriptionView.swift */,
			);
			path = ResultItemView;
			sourceTree = "<group>";
		};
		53E9236E29781E5E008D7794 /* TurtleNeck */ = {
			isa = PBXGroup;
			children = (
				53E9236F2978215B008D7794 /* App */,
			);
			path = TurtleNeck;
			sourceTree = "<group>";
		};
		53E9236F2978215B008D7794 /* App */ = {
			isa = PBXGroup;
			children = (
				53E9237029782173008D7794 /* Resource */,
				53E923712978217A008D7794 /* Source */,
			);
			path = App;
			sourceTree = "<group>";
		};
		53E9237029782173008D7794 /* Resource */ = {
			isa = PBXGroup;
			children = (
				53C338F228B4DCA5002D8C77 /* Info.plist */,
				53CDEDF5294325D600A4B1EA /* PoseInfo.plist */,
			);
			path = Resource;
			sourceTree = "<group>";
		};
		53E923712978217A008D7794 /* Source */ = {
			isa = PBXGroup;
			children = (
				53C338E628B4DB00002D8C77 /* AppView.swift */,
				3BF63981292CA6290002A03E /* AppCore.swift */,
				53C338E428B4DB00002D8C77 /* TurtleNeckApp.swift */,
				53CDEDF729432FD300A4B1EA /* TurtleNeck++Bundle.swift */,
			);
			path = Source;
			sourceTree = "<group>";
		};
		53E923722978243D008D7794 /* Module */ = {
			isa = PBXGroup;
			children = (
				53E92374297824A0008D7794 /* Component */,
				53E9237329782498008D7794 /* Feature */,
			);
			path = Module;
			sourceTree = "<group>";
		};
		53E9237329782498008D7794 /* Feature */ = {
			isa = PBXGroup;
			children = (
				5308EDF02978399B00ED0FB1 /* Screen */,
			);
			path = Feature;
			sourceTree = "<group>";
		};
		53E92374297824A0008D7794 /* Component */ = {
			isa = PBXGroup;
			children = (
				53E92376297824BF008D7794 /* Common */,
				53E9237F29782D65008D7794 /* Model */,
				53E9237C29782804008D7794 /* Services */,
				53E92375297824AF008D7794 /* DesignSystems */,
			);
			path = Component;
			sourceTree = "<group>";
		};
		53E92375297824AF008D7794 /* DesignSystems */ = {
			isa = PBXGroup;
			children = (
				53E9237B29782585008D7794 /* Colors */,
				53E9238229783119008D7794 /* Shape */,
				53E9237A29782538008D7794 /* Animations */,
				53E923792978252B008D7794 /* Views */,
			);
			path = DesignSystems;
			sourceTree = "<group>";
		};
		53E92376297824BF008D7794 /* Common */ = {
			isa = PBXGroup;
			children = (
				3B22F0CA29641A9100E3F93A /* CoreData */,
				53E92378297824D4008D7794 /* Extensions */,
				53E92377297824CD008D7794 /* Errors */,
			);
			path = Common;
			sourceTree = "<group>";
		};
		53E92377297824CD008D7794 /* Errors */ = {
			isa = PBXGroup;
			children = (
				53CDEDFC294342A200A4B1EA /* KeychainError.swift */,
			);
			path = Errors;
			sourceTree = "<group>";
		};
		53E92378297824D4008D7794 /* Extensions */ = {
			isa = PBXGroup;
			children = (
				5386F2DE29488187006E1756 /* UIImage+DownSample.swift */,
				3B1CB2782976DF760021B13C /* View+Alert.swift */,
			);
			path = Extensions;
			sourceTree = "<group>";
		};
		53E923792978252B008D7794 /* Views */ = {
			isa = PBXGroup;
			children = (
				53E923872978351C008D7794 /* Button */,
				53E92380297830B3008D7794 /* Home */,
				5308EDF929783D0100ED0FB1 /* Upload */,
				53E92381297830F5008D7794 /* Result */,
				5308EDEF297837E400ED0FB1 /* Settings */,
			);
			path = Views;
			sourceTree = "<group>";
		};
		53E9237A29782538008D7794 /* Animations */ = {
			isa = PBXGroup;
			children = (
				537C29702955C0A40015A69A /* ResultProgressStyle.swift */,
				53E9233F296C558B008D7794 /* RollingText.swift */,
			);
			path = Animations;
			sourceTree = "<group>";
		};
		53E9237B29782585008D7794 /* Colors */ = {
			isa = PBXGroup;
			children = (
				3BA1BB322962D45600683BCF /* Color+CustomColor.swift */,
			);
			path = Colors;
			sourceTree = "<group>";
		};
		53E9237C29782804008D7794 /* Services */ = {
			isa = PBXGroup;
			children = (
				53E9237E29782D44008D7794 /* Network */,
				53E92385297834A3008D7794 /* Calculator */,
				53E92386297834B7008D7794 /* ImagePicker */,
			);
			path = Services;
			sourceTree = "<group>";
		};
		53E9237D29782B23008D7794 /* RecordList */ = {
			isa = PBXGroup;
			children = (
				3BD0CB6229695D4800F06968 /* RecordList.swift */,
				3BD0CB6429695D5200F06968 /* RecordItem.swift */,
			);
			path = RecordList;
			sourceTree = "<group>";
		};
		53E9237E29782D44008D7794 /* Network */ = {
			isa = PBXGroup;
			children = (
				53CDEDF329421D1D00A4B1EA /* PoseClient.swift */,
			);
			path = Network;
			sourceTree = "<group>";
		};
		53E9237F29782D65008D7794 /* Model */ = {
			isa = PBXGroup;
			children = (
				53CDEE0029436F2D00A4B1EA /* Pose.swift */,
				3B57394328D9958600529A3E /* Notice.swift */,
				3B57393D28D882C100529A3E /* Setting.swift */,
				3B733525294B18F400938B1A /* Grade.swift */,
			);
			path = Model;
			sourceTree = "<group>";
		};
		53E92380297830B3008D7794 /* Home */ = {
			isa = PBXGroup;
			children = (
				53E9237D29782B23008D7794 /* RecordList */,
				3B31240B29602C850060B00E /* CollapsibleView.swift */,
			);
			path = Home;
			sourceTree = "<group>";
		};
		53E92381297830F5008D7794 /* Result */ = {
			isa = PBXGroup;
			children = (
				53CFB17F295EF0A3001F648D /* ResultItemView */,
				537C296429546AB20015A69A /* ScoreView.swift */,
				537C296C29559C290015A69A /* SolutionView.swift */,
			);
			path = Result;
			sourceTree = "<group>";
		};
		53E9238229783119008D7794 /* Shape */ = {
			isa = PBXGroup;
			children = (
				3BFB72A02948B6ED0012E7F0 /* BottomCurve.swift */,
			);
			path = Shape;
			sourceTree = "<group>";
		};
		53E923842978316E008D7794 /* Guide */ = {
			isa = PBXGroup;
			children = (
				3B06B0952951E3E0003B8BC5 /* PhotoGuideView.swift */,
			);
			path = Guide;
			sourceTree = "<group>";
		};
		53E92385297834A3008D7794 /* Calculator */ = {
			isa = PBXGroup;
			children = (
				537C295B29533ECF0015A69A /* DegreeCalculator.swift */,
				534CF490295B08B800C5EACF /* ScoreCalculator.swift */,
				53B541E92964103D0064713E /* ValidityCalculator.swift */,
			);
			path = Calculator;
			sourceTree = "<group>";
		};
		53E92386297834B7008D7794 /* ImagePicker */ = {
			isa = PBXGroup;
			children = (
				3B57868728E48151002327F8 /* ImagePicker.swift */,
			);
			path = ImagePicker;
			sourceTree = "<group>";
		};
		53E923872978351C008D7794 /* Button */ = {
			isa = PBXGroup;
			children = (
				53AE2AD228B8DF7800BC66B2 /* PopUpButton.swift */,
			);
			path = Button;
			sourceTree = "<group>";
		};
/* End PBXGroup section */

/* Begin PBXNativeTarget section */
		53C338E028B4DB00002D8C77 /* TurtleNeck */ = {
			isa = PBXNativeTarget;
			buildConfigurationList = 53C338EF28B4DB02002D8C77 /* Build configuration list for PBXNativeTarget "TurtleNeck" */;
			buildPhases = (
				53C338DD28B4DB00002D8C77 /* Sources */,
				53C338DE28B4DB00002D8C77 /* Frameworks */,
				53C338DF28B4DB00002D8C77 /* Resources */,
			);
			buildRules = (
			);
			dependencies = (
			);
			name = TurtleNeck;
			packageProductDependencies = (
				3BF6397F292B84460002A03E /* ComposableArchitecture */,
			);
			productName = TurtleNeck;
			productReference = 53C338E128B4DB00002D8C77 /* TurtleNeck.app */;
			productType = "com.apple.product-type.application";
		};
/* End PBXNativeTarget section */

/* Begin PBXProject section */
		53C338D928B4DB00002D8C77 /* Project object */ = {
			isa = PBXProject;
			attributes = {
				BuildIndependentTargetsInParallel = 1;
				LastSwiftUpdateCheck = 1320;
				LastUpgradeCheck = 1320;
				TargetAttributes = {
					53C338E028B4DB00002D8C77 = {
						CreatedOnToolsVersion = 13.2.1;
					};
				};
			};
			buildConfigurationList = 53C338DC28B4DB00002D8C77 /* Build configuration list for PBXProject "TurtleNeck" */;
			compatibilityVersion = "Xcode 13.0";
			developmentRegion = en;
			hasScannedForEncodings = 0;
			knownRegions = (
				en,
				Base,
			);
			mainGroup = 53C338D828B4DB00002D8C77;
			packageReferences = (
				3BF6397E292B84460002A03E /* XCRemoteSwiftPackageReference "swift-composable-architecture" */,
			);
			productRefGroup = 53C338E228B4DB00002D8C77 /* Products */;
			projectDirPath = "";
			projectRoot = "";
			targets = (
				53C338E028B4DB00002D8C77 /* TurtleNeck */,
			);
		};
/* End PBXProject section */

/* Begin PBXResourcesBuildPhase section */
		53C338DF28B4DB00002D8C77 /* Resources */ = {
			isa = PBXResourcesBuildPhase;
			buildActionMask = 2147483647;
			files = (
				53CDEDF6294325D600A4B1EA /* PoseInfo.plist in Resources */,
				533C28762981550C0077323F /* Assets.xcassets in Resources */,
				53C338EC28B4DB02002D8C77 /* Preview Assets.xcassets in Resources */,
			);
			runOnlyForDeploymentPostprocessing = 0;
		};
/* End PBXResourcesBuildPhase section */

/* Begin PBXSourcesBuildPhase section */
		53C338DD28B4DB00002D8C77 /* Sources */ = {
			isa = PBXSourcesBuildPhase;
			buildActionMask = 2147483647;
			files = (
				3B1CB27A2976DFF30021B13C /* AppCore.swift in Sources */,
				3B1CB2792976DF760021B13C /* View+Alert.swift in Sources */,
				53CFB181295EF0FF001F648D /* ResultDescriptionView.swift in Sources */,
				537C296929546ACE0015A69A /* ResultImageView.swift in Sources */,
				3B57868428E1B5FA002327F8 /* OnboardingView.swift in Sources */,
				3BFB72A12948B6ED0012E7F0 /* BottomCurve.swift in Sources */,
				537C29712955C0A40015A69A /* ResultProgressStyle.swift in Sources */,
				53E92340296C558B008D7794 /* RollingText.swift in Sources */,
				3B57393E28D882C100529A3E /* Setting.swift in Sources */,
				534CF491295B08B800C5EACF /* ScoreCalculator.swift in Sources */,
				3B57868628E41F65002327F8 /* UploadView.swift in Sources */,
				537C296F2955A28F0015A69A /* VerticalLine.swift in Sources */,
				3B06B0962951E3E0003B8BC5 /* PhotoGuideView.swift in Sources */,
				3B31240C29602C850060B00E /* CollapsibleView.swift in Sources */,
				3B57868828E48151002327F8 /* ImagePicker.swift in Sources */,
				3BA1BB332962D45600683BCF /* Color+CustomColor.swift in Sources */,
				3BD0CB6529695D5200F06968 /* RecordItem.swift in Sources */,
				53CDEDFD294342A200A4B1EA /* KeychainError.swift in Sources */,
				53D65A0D28C880A800F3128A /* SettingsRow.swift in Sources */,
				537C296729546AC20015A69A /* ResultItemView.swift in Sources */,
				3B57868F28E6E094002327F8 /* ResultFailView.swift in Sources */,
				3BC527CF29659FED003174B7 /* DataManager.swift in Sources */,
				53B541EA2964103D0064713E /* ValidityCalculator.swift in Sources */,
				3BF63988292CB4490002A03E /* UploadCore.swift in Sources */,
				3B22F0C9296419A200E3F93A /* User.xcdatamodeld in Sources */,
				3B733526294B18F400938B1A /* Grade.swift in Sources */,
				3B22F0CE296422A900E3F93A /* User+CoreDataProperties.swift in Sources */,
				537C295C29533ECF0015A69A /* DegreeCalculator.swift in Sources */,
				3B57868D28E59340002327F8 /* ResultView.swift in Sources */,
				53CDEDF429421D1D00A4B1EA /* PoseClient.swift in Sources */,
				537C295A295064A90015A69A /* ResultCore.swift in Sources */,
				3BC69301296D62FC006DB8B6 /* RecordView.swift in Sources */,
				537C296D29559C290015A69A /* SolutionView.swift in Sources */,
				53AE2AD128B8B87A00BC66B2 /* SettingsView.swift in Sources */,
				53AE2ACF28B8B86B00BC66B2 /* HomeView.swift in Sources */,
				3B22F0CD296422A900E3F93A /* User+CoreDataClass.swift in Sources */,
				53C338E728B4DB00002D8C77 /* AppView.swift in Sources */,
				53C338E528B4DB00002D8C77 /* TurtleNeckApp.swift in Sources */,
				5386F2DF29488187006E1756 /* UIImage+DownSample.swift in Sources */,
				53AE2AD328B8DF7800BC66B2 /* PopUpButton.swift in Sources */,
				53CDEDF829432FD300A4B1EA /* TurtleNeck++Bundle.swift in Sources */,
				537C296529546AB20015A69A /* ScoreView.swift in Sources */,
				3BD0CB6329695D4800F06968 /* RecordList.swift in Sources */,
				53D65A1528C8907600F3128A /* NoticeView.swift in Sources */,
				53CDEE0129436F2D00A4B1EA /* Pose.swift in Sources */,
				3B57394228D8AE0E00529A3E /* VersionView.swift in Sources */,
				3B57394428D9958600529A3E /* Notice.swift in Sources */,
			);
			runOnlyForDeploymentPostprocessing = 0;
		};
/* End PBXSourcesBuildPhase section */

/* Begin XCBuildConfiguration section */
		53C338ED28B4DB02002D8C77 /* Debug */ = {
			isa = XCBuildConfiguration;
			buildSettings = {
				ALWAYS_SEARCH_USER_PATHS = NO;
				ASSETCATALOG_COMPILER_INCLUDE_ALL_APPICON_ASSETS = YES;
				CLANG_ANALYZER_NONNULL = YES;
				CLANG_ANALYZER_NUMBER_OBJECT_CONVERSION = YES_AGGRESSIVE;
				CLANG_CXX_LANGUAGE_STANDARD = "gnu++17";
				CLANG_CXX_LIBRARY = "libc++";
				CLANG_ENABLE_MODULES = YES;
				CLANG_ENABLE_OBJC_ARC = YES;
				CLANG_ENABLE_OBJC_WEAK = YES;
				CLANG_WARN_BLOCK_CAPTURE_AUTORELEASING = YES;
				CLANG_WARN_BOOL_CONVERSION = YES;
				CLANG_WARN_COMMA = YES;
				CLANG_WARN_CONSTANT_CONVERSION = YES;
				CLANG_WARN_DEPRECATED_OBJC_IMPLEMENTATIONS = YES;
				CLANG_WARN_DIRECT_OBJC_ISA_USAGE = YES_ERROR;
				CLANG_WARN_DOCUMENTATION_COMMENTS = YES;
				CLANG_WARN_EMPTY_BODY = YES;
				CLANG_WARN_ENUM_CONVERSION = YES;
				CLANG_WARN_INFINITE_RECURSION = YES;
				CLANG_WARN_INT_CONVERSION = YES;
				CLANG_WARN_NON_LITERAL_NULL_CONVERSION = YES;
				CLANG_WARN_OBJC_IMPLICIT_RETAIN_SELF = YES;
				CLANG_WARN_OBJC_LITERAL_CONVERSION = YES;
				CLANG_WARN_OBJC_ROOT_CLASS = YES_ERROR;
				CLANG_WARN_QUOTED_INCLUDE_IN_FRAMEWORK_HEADER = YES;
				CLANG_WARN_RANGE_LOOP_ANALYSIS = YES;
				CLANG_WARN_STRICT_PROTOTYPES = YES;
				CLANG_WARN_SUSPICIOUS_MOVE = YES;
				CLANG_WARN_UNGUARDED_AVAILABILITY = YES_AGGRESSIVE;
				CLANG_WARN_UNREACHABLE_CODE = YES;
				CLANG_WARN__DUPLICATE_METHOD_MATCH = YES;
				COPY_PHASE_STRIP = NO;
				DEBUG_INFORMATION_FORMAT = dwarf;
				EMBED_ASSET_PACKS_IN_PRODUCT_BUNDLE = YES;
				ENABLE_STRICT_OBJC_MSGSEND = YES;
				ENABLE_TESTABILITY = YES;
				GCC_C_LANGUAGE_STANDARD = gnu11;
				GCC_DYNAMIC_NO_PIC = NO;
				GCC_NO_COMMON_BLOCKS = YES;
				GCC_OPTIMIZATION_LEVEL = 0;
				GCC_PREPROCESSOR_DEFINITIONS = (
					"DEBUG=1",
					"$(inherited)",
				);
				GCC_WARN_64_TO_32_BIT_CONVERSION = YES;
				GCC_WARN_ABOUT_RETURN_TYPE = YES_ERROR;
				GCC_WARN_UNDECLARED_SELECTOR = YES;
				GCC_WARN_UNINITIALIZED_AUTOS = YES_AGGRESSIVE;
				GCC_WARN_UNUSED_FUNCTION = YES;
				GCC_WARN_UNUSED_VARIABLE = YES;
				INFOPLIST_FILE = "";
				IPHONEOS_DEPLOYMENT_TARGET = 15.0;
				MTL_ENABLE_DEBUG_INFO = INCLUDE_SOURCE;
				MTL_FAST_MATH = YES;
				ONLY_ACTIVE_ARCH = YES;
				SDKROOT = iphoneos;
				SWIFT_ACTIVE_COMPILATION_CONDITIONS = DEBUG;
				SWIFT_OPTIMIZATION_LEVEL = "-Onone";
			};
			name = Debug;
		};
		53C338EE28B4DB02002D8C77 /* Release */ = {
			isa = XCBuildConfiguration;
			buildSettings = {
				ALWAYS_SEARCH_USER_PATHS = NO;
				ASSETCATALOG_COMPILER_INCLUDE_ALL_APPICON_ASSETS = YES;
				CLANG_ANALYZER_NONNULL = YES;
				CLANG_ANALYZER_NUMBER_OBJECT_CONVERSION = YES_AGGRESSIVE;
				CLANG_CXX_LANGUAGE_STANDARD = "gnu++17";
				CLANG_CXX_LIBRARY = "libc++";
				CLANG_ENABLE_MODULES = YES;
				CLANG_ENABLE_OBJC_ARC = YES;
				CLANG_ENABLE_OBJC_WEAK = YES;
				CLANG_WARN_BLOCK_CAPTURE_AUTORELEASING = YES;
				CLANG_WARN_BOOL_CONVERSION = YES;
				CLANG_WARN_COMMA = YES;
				CLANG_WARN_CONSTANT_CONVERSION = YES;
				CLANG_WARN_DEPRECATED_OBJC_IMPLEMENTATIONS = YES;
				CLANG_WARN_DIRECT_OBJC_ISA_USAGE = YES_ERROR;
				CLANG_WARN_DOCUMENTATION_COMMENTS = YES;
				CLANG_WARN_EMPTY_BODY = YES;
				CLANG_WARN_ENUM_CONVERSION = YES;
				CLANG_WARN_INFINITE_RECURSION = YES;
				CLANG_WARN_INT_CONVERSION = YES;
				CLANG_WARN_NON_LITERAL_NULL_CONVERSION = YES;
				CLANG_WARN_OBJC_IMPLICIT_RETAIN_SELF = YES;
				CLANG_WARN_OBJC_LITERAL_CONVERSION = YES;
				CLANG_WARN_OBJC_ROOT_CLASS = YES_ERROR;
				CLANG_WARN_QUOTED_INCLUDE_IN_FRAMEWORK_HEADER = YES;
				CLANG_WARN_RANGE_LOOP_ANALYSIS = YES;
				CLANG_WARN_STRICT_PROTOTYPES = YES;
				CLANG_WARN_SUSPICIOUS_MOVE = YES;
				CLANG_WARN_UNGUARDED_AVAILABILITY = YES_AGGRESSIVE;
				CLANG_WARN_UNREACHABLE_CODE = YES;
				CLANG_WARN__DUPLICATE_METHOD_MATCH = YES;
				COPY_PHASE_STRIP = NO;
				DEBUG_INFORMATION_FORMAT = "dwarf-with-dsym";
				EMBED_ASSET_PACKS_IN_PRODUCT_BUNDLE = YES;
				ENABLE_NS_ASSERTIONS = NO;
				ENABLE_STRICT_OBJC_MSGSEND = YES;
				GCC_C_LANGUAGE_STANDARD = gnu11;
				GCC_NO_COMMON_BLOCKS = YES;
				GCC_WARN_64_TO_32_BIT_CONVERSION = YES;
				GCC_WARN_ABOUT_RETURN_TYPE = YES_ERROR;
				GCC_WARN_UNDECLARED_SELECTOR = YES;
				GCC_WARN_UNINITIALIZED_AUTOS = YES_AGGRESSIVE;
				GCC_WARN_UNUSED_FUNCTION = YES;
				GCC_WARN_UNUSED_VARIABLE = YES;
				INFOPLIST_FILE = "";
				IPHONEOS_DEPLOYMENT_TARGET = 15.0;
				MTL_ENABLE_DEBUG_INFO = NO;
				MTL_FAST_MATH = YES;
				SDKROOT = iphoneos;
				SWIFT_COMPILATION_MODE = wholemodule;
				SWIFT_OPTIMIZATION_LEVEL = "-O";
				VALIDATE_PRODUCT = YES;
			};
			name = Release;
		};
		53C338F028B4DB02002D8C77 /* Debug */ = {
			isa = XCBuildConfiguration;
			buildSettings = {
				ASSETCATALOG_COMPILER_APPICON_NAME = AppIcon;
				ASSETCATALOG_COMPILER_GLOBAL_ACCENT_COLOR_NAME = AccentColor;
				CODE_SIGN_STYLE = Automatic;
				CURRENT_PROJECT_VERSION = 1;
				DEVELOPMENT_ASSET_PATHS = "\"TurtleNeck/TurtleNeck/App/Resource\"";
				DEVELOPMENT_TEAM = UKU2UB96JP;
				ENABLE_PREVIEWS = YES;
				GENERATE_INFOPLIST_FILE = YES;
				INFOPLIST_FILE = TurtleNeck/TurtleNeck/App/Resource/Info.plist;
				INFOPLIST_KEY_NSCameraUsageDescription = "자세 분석을 위해 앨범 사용 권한이 필요합니다.";
				INFOPLIST_KEY_NSPhotoLibraryUsageDescription = "자세 분석을 위해 카메라 사용 권한이 필요합니다.";
				INFOPLIST_KEY_UIApplicationSceneManifest_Generation = YES;
				INFOPLIST_KEY_UIApplicationSupportsIndirectInputEvents = YES;
				INFOPLIST_KEY_UISupportedInterfaceOrientations = UIInterfaceOrientationPortrait;
				INFOPLIST_KEY_UISupportedInterfaceOrientations_iPad = "UIInterfaceOrientationPortrait UIInterfaceOrientationPortraitUpsideDown UIInterfaceOrientationLandscapeLeft UIInterfaceOrientationLandscapeRight";
				INFOPLIST_KEY_UISupportedInterfaceOrientations_iPhone = "UIInterfaceOrientationPortrait UIInterfaceOrientationLandscapeLeft UIInterfaceOrientationLandscapeRight";
				INFOPLIST_KEY_UIUserInterfaceStyle = Light;
				IPHONEOS_DEPLOYMENT_TARGET = 15.0;
				LD_RUNPATH_SEARCH_PATHS = (
					"$(inherited)",
					"@executable_path/Frameworks",
				);
				MARKETING_VERSION = 1.0;
				PRODUCT_BUNDLE_IDENTIFIER = com.TurtleNeck.app1;
				PRODUCT_NAME = "$(TARGET_NAME)";
				SWIFT_EMIT_LOC_STRINGS = YES;
				SWIFT_VERSION = 5.0;
				TARGETED_DEVICE_FAMILY = 1;
			};
			name = Debug;
		};
		53C338F128B4DB02002D8C77 /* Release */ = {
			isa = XCBuildConfiguration;
			buildSettings = {
				ASSETCATALOG_COMPILER_APPICON_NAME = AppIcon;
				ASSETCATALOG_COMPILER_GLOBAL_ACCENT_COLOR_NAME = AccentColor;
				CODE_SIGN_IDENTITY = "Apple Development";
				CODE_SIGN_STYLE = Automatic;
				CURRENT_PROJECT_VERSION = 1;
				DEVELOPMENT_ASSET_PATHS = "\"TurtleNeck/TurtleNeck/App/Resource\"";
				DEVELOPMENT_TEAM = UKU2UB96JP;
				ENABLE_PREVIEWS = YES;
				GENERATE_INFOPLIST_FILE = YES;
				INFOPLIST_FILE = TurtleNeck/TurtleNeck/App/Resource/Info.plist;
				INFOPLIST_KEY_NSCameraUsageDescription = "자세 분석을 위해 앨범 사용 권한이 필요합니다.";
				INFOPLIST_KEY_NSPhotoLibraryUsageDescription = "자세 분석을 위해 카메라 사용 권한이 필요합니다.";
				INFOPLIST_KEY_UIApplicationSceneManifest_Generation = YES;
				INFOPLIST_KEY_UIApplicationSupportsIndirectInputEvents = YES;
				INFOPLIST_KEY_UISupportedInterfaceOrientations = UIInterfaceOrientationPortrait;
				INFOPLIST_KEY_UISupportedInterfaceOrientations_iPad = "UIInterfaceOrientationPortrait UIInterfaceOrientationPortraitUpsideDown UIInterfaceOrientationLandscapeLeft UIInterfaceOrientationLandscapeRight";
				INFOPLIST_KEY_UISupportedInterfaceOrientations_iPhone = "UIInterfaceOrientationPortrait UIInterfaceOrientationLandscapeLeft UIInterfaceOrientationLandscapeRight";
				INFOPLIST_KEY_UIUserInterfaceStyle = Light;
				IPHONEOS_DEPLOYMENT_TARGET = 15.0;
				LD_RUNPATH_SEARCH_PATHS = (
					"$(inherited)",
					"@executable_path/Frameworks",
				);
				MARKETING_VERSION = 1.0;
				PRODUCT_BUNDLE_IDENTIFIER = com.TurtleNeck.app1;
				PRODUCT_NAME = "$(TARGET_NAME)";
				PROVISIONING_PROFILE_SPECIFIER = "";
				SWIFT_EMIT_LOC_STRINGS = YES;
				SWIFT_VERSION = 5.0;
				TARGETED_DEVICE_FAMILY = 1;
			};
			name = Release;
		};
/* End XCBuildConfiguration section */

/* Begin XCConfigurationList section */
		53C338DC28B4DB00002D8C77 /* Build configuration list for PBXProject "TurtleNeck" */ = {
			isa = XCConfigurationList;
			buildConfigurations = (
				53C338ED28B4DB02002D8C77 /* Debug */,
				53C338EE28B4DB02002D8C77 /* Release */,
			);
			defaultConfigurationIsVisible = 0;
			defaultConfigurationName = Release;
		};
		53C338EF28B4DB02002D8C77 /* Build configuration list for PBXNativeTarget "TurtleNeck" */ = {
			isa = XCConfigurationList;
			buildConfigurations = (
				53C338F028B4DB02002D8C77 /* Debug */,
				53C338F128B4DB02002D8C77 /* Release */,
			);
			defaultConfigurationIsVisible = 0;
			defaultConfigurationName = Release;
		};
/* End XCConfigurationList section */

/* Begin XCRemoteSwiftPackageReference section */
		3BF6397E292B84460002A03E /* XCRemoteSwiftPackageReference "swift-composable-architecture" */ = {
			isa = XCRemoteSwiftPackageReference;
			repositoryURL = "https://github.com/pointfreeco/swift-composable-architecture";
			requirement = {
				branch = main;
				kind = branch;
			};
		};
/* End XCRemoteSwiftPackageReference section */

/* Begin XCSwiftPackageProductDependency section */
		3BF6397F292B84460002A03E /* ComposableArchitecture */ = {
			isa = XCSwiftPackageProductDependency;
			package = 3BF6397E292B84460002A03E /* XCRemoteSwiftPackageReference "swift-composable-architecture" */;
			productName = ComposableArchitecture;
		};
/* End XCSwiftPackageProductDependency section */

/* Begin XCVersionGroup section */
		3B22F0C7296419A200E3F93A /* User.xcdatamodeld */ = {
			isa = XCVersionGroup;
			children = (
				3B22F0C8296419A200E3F93A /* User.xcdatamodel */,
			);
			currentVersion = 3B22F0C8296419A200E3F93A /* User.xcdatamodel */;
			path = User.xcdatamodeld;
			sourceTree = "<group>";
			versionGroupType = wrapper.xcdatamodel;
		};
/* End XCVersionGroup section */
	};
	rootObject = 53C338D928B4DB00002D8C77 /* Project object */;
}
